github.com/mappu/miqt v0.14.0 h1:PPP3TBREc79Ei/sMous6rN+z6s7Y6pq5U+NsljtvVfg=
github.com/mappu/miqt v0.14.0/go.mod h1:xFg7ADaO1QSkmXPsPODoKe/bydJpRG9fgCYyIDl/h1U=
golang.org/x/sys v0.28.0 h1:Fksou7UEQUWlKvIdsqzJmUmCX3cZuD2+P3XyyzwMhlA=
golang.org/x/sys v0.28.0/go.mod h1:/VUhepiaJMQUp4+oa/7Zr1D23ma6VTLIYjOOTFZPUcA=
